
Microsoft Visual Studio Solution File, Format Version 12.00
# Visual Studio Version 17
VisualStudioVersion = 17.2.32602.215
MinimumVisualStudioVersion = 10.0.40219.1
Project("{FAE04EC0-301F-11D3-BF4B-00C04F79EFBC}") = "Notes", "Notes\Notes.csproj", "{5A21B2F8-12A2-446B-9CDA-264B29FE007D}"
EndProject
Global
	GlobalSection(SolutionConfigurationPlatforms) = preSolution
		Debug|Any CPU = Debug|Any CPU
		Release|Any CPU = Release|Any CPU
	EndGlobalSection
	GlobalSection(ProjectConfigurationPlatforms) = postSolution
		{5A21B2F8-12A2-446B-9CDA-264B29FE007D}.Debug|Any CPU.ActiveCfg = Debug|Any CPU
		{5A21B2F8-12A2-446B-9CDA-264B29FE007D}.Debug|Any CPU.Build.0 = Debug|Any CPU
		{5A21B2F8-12A2-446B-9CDA-264B29FE007D}.Release|Any CPU.ActiveCfg = Release|Any CPU
		{5A21B2F8-12A2-446B-9CDA-264B29FE007D}.Release|Any CPU.Build.0 = Release|Any CPU
	EndGlobalSection
	GlobalSection(SolutionProperties) = preSolution
		HideSolutionNode = FALSE
	EndGlobalSection
	GlobalSection(ExtensibilityGlobals) = postSolution
		SolutionGuid = {84475202-C6F7-4C98-9FCD-8F60531EB38D}
	EndGlobalSection
EndGlobal
